
Microsoft Visual Studio Solution File, Format Version 12.00
# Visual Studio 2013
Project("{FAE04EC0-301F-11D3-BF4B-00C04F79EFBC}") = "UnityVS.Glitch Garden.CSharp", "UnityVS.Glitch Garden.CSharp.csproj", "{11B03A55-662C-985D-18C9-AB078C7FA7AD}"
EndProject
Global
	GlobalSection(SolutionConfigurationPlatforms) = preSolution
		Debug|Any CPU = Debug|Any CPU
		Release|Any CPU = Release|Any CPU
	EndGlobalSection
	GlobalSection(ProjectConfigurationPlatforms) = postSolution
		{11B03A55-662C-985D-18C9-AB078C7FA7AD}.Debug|Any CPU.ActiveCfg = Debug|Any CPU
		{11B03A55-662C-985D-18C9-AB078C7FA7AD}.Debug|Any CPU.Build.0 = Debug|Any CPU
		{11B03A55-662C-985D-18C9-AB078C7FA7AD}.Release|Any CPU.ActiveCfg = Release|Any CPU
		{11B03A55-662C-985D-18C9-AB078C7FA7AD}.Release|Any CPU.Build.0 = Release|Any CPU
	EndGlobalSection
	GlobalSection(SolutionProperties) = preSolution
		HideSolutionNode = FALSE
	EndGlobalSection
EndGlobal
